# This file is generated by running "yarn install" inside your project.
# Manual changes might be lost - proceed with caution!

__metadata:
  version: 6
  cacheKey: 8

"@colors/colors@npm:1.5.0":
  version: 1.5.0
  resolution: "@colors/colors@npm:1.5.0"
  checksum: d64d5260bed1d5012ae3fc617d38d1afc0329fec05342f4e6b838f46998855ba56e0a73833f4a80fa8378c84810da254f76a8a19c39d038260dc06dc4e007425
  languageName: node
  linkType: hard

"@dabh/diagnostics@npm:^2.0.2":
  version: 2.0.3
  resolution: "@dabh/diagnostics@npm:2.0.3"
  dependencies:
    colorspace: 1.1.x
    enabled: 2.0.x
    kuler: ^2.0.0
  checksum: 4879600c55c8315a0fb85fbb19057bad1adc08f0a080a8cb4e2b63f723c379bfc4283b68123a2b078d367b327dd8df12fcb27464efe791addc0a48b9df6d79a1
  languageName: node
  linkType: hard

"@discordjs/builders@npm:^1.8.1":
  version: 1.8.1
  resolution: "@discordjs/builders@npm:1.8.1"
  dependencies:
    "@discordjs/formatters": ^0.4.0
    "@discordjs/util": ^1.1.0
    "@sapphire/shapeshift": ^3.9.7
    discord-api-types: 0.37.83
    fast-deep-equal: ^3.1.3
    ts-mixer: ^6.0.4
    tslib: ^2.6.2
  checksum: 21e826004ddddf6f9717cbdacafe4ff748d03103634d82883c66f605b068a5ae12a952aaa2558a2c21f3ec717427a12bb9b57f0f8670f8a4ab6a0757bb3b229d
  languageName: node
  linkType: hard

"@discordjs/collection@npm:1.5.3":
  version: 1.5.3
  resolution: "@discordjs/collection@npm:1.5.3"
  checksum: fefed19bea0f69053d195f9d9dc8af07ca5d8c9b1064581e0aa14bda2b70e632b93c164d5ef3e4910f5442369612ff4eec8d52a700aec562510c19b223f67023
  languageName: node
  linkType: hard

"@discordjs/collection@npm:^2.1.0":
  version: 2.1.0
  resolution: "@discordjs/collection@npm:2.1.0"
  checksum: ebe1a32769296f14a38b2c718c7e0d00830e37e68e59a3683aa0f7c25adf9487ebaca3ac3f78fd60e2c89cf314b7891312cac36e3b0885cceb4d2a677ae7d19b
  languageName: node
  linkType: hard

"@discordjs/formatters@npm:^0.4.0":
  version: 0.4.0
  resolution: "@discordjs/formatters@npm:0.4.0"
  dependencies:
    discord-api-types: 0.37.83
  checksum: 130ab7ba104635d7d0f92f4c3de67dbc60cdab004e9db605e0f2c7f410a9808df8776e4d5d45632597dc7257713dc77bb616ee25bb0827117247b6bebfe35921
  languageName: node
  linkType: hard

"@discordjs/rest@npm:^2.3.0":
  version: 2.3.0
  resolution: "@discordjs/rest@npm:2.3.0"
  dependencies:
    "@discordjs/collection": ^2.1.0
    "@discordjs/util": ^1.1.0
    "@sapphire/async-queue": ^1.5.2
    "@sapphire/snowflake": ^3.5.3
    "@vladfrangu/async_event_emitter": ^2.2.4
    discord-api-types: 0.37.83
    magic-bytes.js: ^1.10.0
    tslib: ^2.6.2
    undici: 6.13.0
  checksum: 01564bf108c359f5650318ccadc51bf762c99df56de865192b25adef4331c0729886e84b4ebd10dfc57818b97ff891f1857873811e7a2326d24fd0bf892a0201
  languageName: node
  linkType: hard

"@discordjs/util@npm:^1.1.0":
  version: 1.1.0
  resolution: "@discordjs/util@npm:1.1.0"
  checksum: b4db3fc6017986cd0e7fd6aa50e890e1259e79c6e0ff9c07685a86b2c22409a42f146f282d907885444f37ca596220c166d8be11851fab7f9e2c1ee932fd524e
  languageName: node
  linkType: hard

"@discordjs/voice@npm:^0.17.0":
  version: 0.17.0
  resolution: "@discordjs/voice@npm:0.17.0"
  dependencies:
    "@types/ws": ^8.5.10
    discord-api-types: 0.37.83
    prism-media: ^1.3.5
    tslib: ^2.6.2
    ws: ^8.16.0
  checksum: d130277c3a1138053bdf8ca2aba971d480a47c6c27d9e3519ae481f40066a643e2ef1a43970c2f688a40686759284ceb239b1e4f9a44eb304a18dcdfed18e2c8
  languageName: node
  linkType: hard

"@discordjs/ws@npm:^1.1.0":
  version: 1.1.0
  resolution: "@discordjs/ws@npm:1.1.0"
  dependencies:
    "@discordjs/collection": ^2.1.0
    "@discordjs/rest": ^2.3.0
    "@discordjs/util": ^1.1.0
    "@sapphire/async-queue": ^1.5.2
    "@types/ws": ^8.5.10
    "@vladfrangu/async_event_emitter": ^2.2.4
    discord-api-types: 0.37.83
    tslib: ^2.6.2
    ws: ^8.16.0
  checksum: a187977572f028d0d92bed16e25ad0b4cb86025372a5f632a15a00d3d0c8ad27a264530c364fee2ca6e5f3637ccf970b8af3e6009ec5ad193d2f3211ab70a133
  languageName: node
  linkType: hard

"@sapphire/async-queue@npm:^1.5.2":
  version: 1.5.2
  resolution: "@sapphire/async-queue@npm:1.5.2"
  checksum: 6252e72254f33c91da4887e324f17b59708b12c603216cc45f001460fd33265844301de47ab67c8caf8383ee280b39c8427ede242bd3b50b6ccdf13a386a5f1b
  languageName: node
  linkType: hard

"@sapphire/shapeshift@npm:^3.9.7":
  version: 3.9.7
  resolution: "@sapphire/shapeshift@npm:3.9.7"
  dependencies:
    fast-deep-equal: ^3.1.3
    lodash: ^4.17.21
  checksum: a36032ff8fc54056ea21e0cdbbea84c3d80c0c0fb19b2685e14e29111ab9c1172c9273e1e54d49e2a62ba5a393f18b3dab9330d34b97d3519d572e32dd64913d
  languageName: node
  linkType: hard

"@sapphire/snowflake@npm:3.5.3, @sapphire/snowflake@npm:^3.5.3":
  version: 3.5.3
  resolution: "@sapphire/snowflake@npm:3.5.3"
  checksum: 821add76877e2786ddb1b5cd3ee5de130610b82014972d91a99b4b7ce5475839b9a26f94de322f48a66f9ba2e2c578ffe46a60d06cbb9a36fd8fb96ef78be248
  languageName: node
  linkType: hard

"@types/node@npm:*":
  version: 17.0.30
  resolution: "@types/node@npm:17.0.30"
  checksum: b3cd2db6474aae3ddac5a312f340f6e4ca200429371e62cb74698fe7f23d7414d0200f643204ddfaa797846328539359e3797d7f2baaf3cdd643b159cf53baa6
  languageName: node
  linkType: hard

"@types/webidl-conversions@npm:*":
  version: 6.1.1
  resolution: "@types/webidl-conversions@npm:6.1.1"
  checksum: bd0faad4dfec232010d96a42fbd7b5ac4df557899050a6676a75d30ced8553f19e5a3c747fd2b4317f2810d4cf5d2d6dd47ad22ecfb9e6b21119aba678b8897f
  languageName: node
  linkType: hard

"@types/whatwg-url@npm:^8.2.1":
  version: 8.2.1
  resolution: "@types/whatwg-url@npm:8.2.1"
  dependencies:
    "@types/node": "*"
    "@types/webidl-conversions": "*"
  checksum: 975987a9ca14a8d5a883523acb4fa0df7760cd8ca8dee56cd57753821e56060bfbead94df84f4504fe0b4270776d81cbb40fcd1f8643dab86da3a9abe926fb5c
  languageName: node
  linkType: hard

"@types/ws@npm:^8.5.10":
  version: 8.5.10
  resolution: "@types/ws@npm:8.5.10"
  dependencies:
    "@types/node": "*"
  checksum: 3ec416ea2be24042ebd677932a462cf16d2080393d8d7d0b1b3f5d6eaa4a7387aaf0eefb99193c0bfd29444857cf2e0c3ac89899e130550dc6c14ada8a46d25e
  languageName: node
  linkType: hard

"@vladfrangu/async_event_emitter@npm:^2.2.4":
  version: 2.2.4
  resolution: "@vladfrangu/async_event_emitter@npm:2.2.4"
  checksum: ff65ebc4d89639adecd249e24e4f6f97b7696404f2a4461160efdff628d91de543e982727c18de62a4edada3f66381b5a3cd1d4f4f33098075d839c1b4f46979
  languageName: node
  linkType: hard

"accepts@npm:~1.3.8":
  version: 1.3.8
  resolution: "accepts@npm:1.3.8"
  dependencies:
    mime-types: ~2.1.34
    negotiator: 0.6.3
  checksum: 50c43d32e7b50285ebe84b613ee4a3aa426715a7d131b65b786e2ead0fd76b6b60091b9916d3478a75f11f162628a2139991b6c03ab3f1d9ab7c86075dc8eab4
  languageName: node
  linkType: hard

"array-flatten@npm:1.1.1":
  version: 1.1.1
  resolution: "array-flatten@npm:1.1.1"
  checksum: a9925bf3512d9dce202112965de90c222cd59a4fbfce68a0951d25d965cf44642931f40aac72309c41f12df19afa010ecadceb07cfff9ccc1621e99d89ab5f3b
  languageName: node
  linkType: hard

"async@npm:^3.2.3":
  version: 3.2.3
  resolution: "async@npm:3.2.3"
  checksum: c4bee57ab2249af3dc83ca3ef9acfa8e822c0d5e5aa41bae3eaf7f673648343cd64ecd7d26091ffd357f3f044428b17b5f00098494b6cf8b6b3e9681f0636ca1
  languageName: node
  linkType: hard

"axios@npm:^0.26.1":
  version: 0.26.1
  resolution: "axios@npm:0.26.1"
  dependencies:
    follow-redirects: ^1.14.8
  checksum: d9eb58ff4bc0b36a04783fc9ff760e9245c829a5a1052ee7ca6013410d427036b1d10d04e7380c02f3508c5eaf3485b1ae67bd2adbfec3683704745c8d7a6e1a
  languageName: node
  linkType: hard

"base64-js@npm:^1.3.1":
  version: 1.5.1
  resolution: "base64-js@npm:1.5.1"
  checksum: 669632eb3745404c2f822a18fc3a0122d2f9a7a13f7fb8b5823ee19d1d2ff9ee5b52c53367176ea4ad093c332fd5ab4bd0ebae5a8e27917a4105a4cfc86b1005
  languageName: node
  linkType: hard

"body-parser@npm:1.20.0":
  version: 1.20.0
  resolution: "body-parser@npm:1.20.0"
  dependencies:
    bytes: 3.1.2
    content-type: ~1.0.4
    debug: 2.6.9
    depd: 2.0.0
    destroy: 1.2.0
    http-errors: 2.0.0
    iconv-lite: 0.4.24
    on-finished: 2.4.1
    qs: 6.10.3
    raw-body: 2.5.1
    type-is: ~1.6.18
    unpipe: 1.0.0
  checksum: 12fffdeac82fe20dddcab7074215d5156e7d02a69ae90cbe9fee1ca3efa2f28ef52097cbea76685ee0a1509c71d85abd0056a08e612c09077cad6277a644cf88
  languageName: node
  linkType: hard

"bson@npm:^4.6.2":
  version: 4.6.3
  resolution: "bson@npm:4.6.3"
  dependencies:
    buffer: ^5.6.0
  checksum: da99222fc14842ce3e693c8bcda5592b43816795c312c57cff8ee11172965e757c4227543234f8fa3469d621e213d86cdd8f8759d6c67a64b971416f850f833c
  languageName: node
  linkType: hard

"buffer@npm:^5.6.0":
  version: 5.7.1
  resolution: "buffer@npm:5.7.1"
  dependencies:
    base64-js: ^1.3.1
    ieee754: ^1.1.13
  checksum: e2cf8429e1c4c7b8cbd30834ac09bd61da46ce35f5c22a78e6c2f04497d6d25541b16881e30a019c6fd3154150650ccee27a308eff3e26229d788bbdeb08ab84
  languageName: node
  linkType: hard

"bytes@npm:3.1.2":
  version: 3.1.2
  resolution: "bytes@npm:3.1.2"
  checksum: e4bcd3948d289c5127591fbedf10c0b639ccbf00243504e4e127374a15c3bc8eed0d28d4aaab08ff6f1cf2abc0cce6ba3085ed32f4f90e82a5683ce0014e1b6e
  languageName: node
  linkType: hard

"call-bind@npm:^1.0.0":
  version: 1.0.2
  resolution: "call-bind@npm:1.0.2"
  dependencies:
    function-bind: ^1.1.1
    get-intrinsic: ^1.0.2
  checksum: f8e31de9d19988a4b80f3e704788c4a2d6b6f3d17cfec4f57dc29ced450c53a49270dc66bf0fbd693329ee948dd33e6c90a329519aef17474a4d961e8d6426b0
  languageName: node
  linkType: hard

"color-convert@npm:^1.9.3":
  version: 1.9.3
  resolution: "color-convert@npm:1.9.3"
  dependencies:
    color-name: 1.1.3
  checksum: fd7a64a17cde98fb923b1dd05c5f2e6f7aefda1b60d67e8d449f9328b4e53b228a428fd38bfeaeb2db2ff6b6503a776a996150b80cdf224062af08a5c8a3a203
  languageName: node
  linkType: hard

"color-name@npm:1.1.3":
  version: 1.1.3
  resolution: "color-name@npm:1.1.3"
  checksum: 09c5d3e33d2105850153b14466501f2bfb30324a2f76568a408763a3b7433b0e50e5b4ab1947868e65cb101bb7cb75029553f2c333b6d4b8138a73fcc133d69d
  languageName: node
  linkType: hard

"color-name@npm:^1.0.0":
  version: 1.1.4
  resolution: "color-name@npm:1.1.4"
  checksum: b0445859521eb4021cd0fb0cc1a75cecf67fceecae89b63f62b201cca8d345baf8b952c966862a9d9a2632987d4f6581f0ec8d957dfacece86f0a7919316f610
  languageName: node
  linkType: hard

"color-string@npm:^1.6.0":
  version: 1.9.1
  resolution: "color-string@npm:1.9.1"
  dependencies:
    color-name: ^1.0.0
    simple-swizzle: ^0.2.2
  checksum: c13fe7cff7885f603f49105827d621ce87f4571d78ba28ef4a3f1a104304748f620615e6bf065ecd2145d0d9dad83a3553f52bb25ede7239d18e9f81622f1cc5
  languageName: node
  linkType: hard

"color@npm:^3.1.3":
  version: 3.2.1
  resolution: "color@npm:3.2.1"
  dependencies:
    color-convert: ^1.9.3
    color-string: ^1.6.0
  checksum: f81220e8b774d35865c2561be921f5652117638dcda7ca4029262046e37fc2444ac7bbfdd110cf1fd9c074a4ee5eda8f85944ffbdda26186b602dd9bb05f6400
  languageName: node
  linkType: hard

"colorspace@npm:1.1.x":
  version: 1.1.4
  resolution: "colorspace@npm:1.1.4"
  dependencies:
    color: ^3.1.3
    text-hex: 1.0.x
  checksum: bb3934ef3c417e961e6d03d7ca60ea6e175947029bfadfcdb65109b01881a1c0ecf9c2b0b59abcd0ee4a0d7c1eae93beed01b0e65848936472270a0b341ebce8
  languageName: node
  linkType: hard

"content-disposition@npm:0.5.4":
  version: 0.5.4
  resolution: "content-disposition@npm:0.5.4"
  dependencies:
    safe-buffer: 5.2.1
  checksum: afb9d545e296a5171d7574fcad634b2fdf698875f4006a9dd04a3e1333880c5c0c98d47b560d01216fb6505a54a2ba6a843ee3a02ec86d7e911e8315255f56c3
  languageName: node
  linkType: hard

"content-type@npm:~1.0.4":
  version: 1.0.4
  resolution: "content-type@npm:1.0.4"
  checksum: 3d93585fda985d1554eca5ebd251994327608d2e200978fdbfba21c0c679914d5faf266d17027de44b34a72c7b0745b18584ecccaa7e1fdfb6a68ac7114f12e0
  languageName: node
  linkType: hard

"cookie-signature@npm:1.0.6":
  version: 1.0.6
  resolution: "cookie-signature@npm:1.0.6"
  checksum: f4e1b0a98a27a0e6e66fd7ea4e4e9d8e038f624058371bf4499cfcd8f3980be9a121486995202ba3fca74fbed93a407d6d54d43a43f96fd28d0bd7a06761591a
  languageName: node
  linkType: hard

"cookie@npm:0.5.0":
  version: 0.5.0
  resolution: "cookie@npm:0.5.0"
  checksum: 1f4bd2ca5765f8c9689a7e8954183f5332139eb72b6ff783d8947032ec1fdf43109852c178e21a953a30c0dd42257828185be01b49d1eb1a67fd054ca588a180
  languageName: node
  linkType: hard

"cors@npm:^2.8.5":
  version: 2.8.5
  resolution: "cors@npm:2.8.5"
  dependencies:
    object-assign: ^4
    vary: ^1
  checksum: ced838404ccd184f61ab4fdc5847035b681c90db7ac17e428f3d81d69e2989d2b680cc254da0e2554f5ed4f8a341820a1ce3d1c16b499f6e2f47a1b9b07b5006
  languageName: node
  linkType: hard

"crypto@npm:^1.0.1":
  version: 1.0.1
  resolution: "crypto@npm:1.0.1"
  checksum: 087fe3165bd94c333a49e6ed66a0193911f63eac38a24f379b3001a5fe260a59c413646e53a0f67875ba13902b2686d81dc703cb2c147a4ec727dcdc04e5645e
  languageName: node
  linkType: hard

"debounce@npm:^1.2.1":
  version: 1.2.1
  resolution: "debounce@npm:1.2.1"
  checksum: 682a89506d9e54fb109526f4da255c5546102fbb8e3ae75eef3b04effaf5d4853756aee97475cd4650641869794e44f410eeb20ace2b18ea592287ab2038519e
  languageName: node
  linkType: hard

"debug@npm:2.6.9":
  version: 2.6.9
  resolution: "debug@npm:2.6.9"
  dependencies:
    ms: 2.0.0
  checksum: d2f51589ca66df60bf36e1fa6e4386b318c3f1e06772280eea5b1ae9fd3d05e9c2b7fd8a7d862457d00853c75b00451aa2d7459b924629ee385287a650f58fe6
  languageName: node
  linkType: hard

"debug@npm:4.x":
  version: 4.3.4
  resolution: "debug@npm:4.3.4"
  dependencies:
    ms: 2.1.2
  peerDependenciesMeta:
    supports-color:
      optional: true
  checksum: 3dbad3f94ea64f34431a9cbf0bafb61853eda57bff2880036153438f50fb5a84f27683ba0d8e5426bf41a8c6ff03879488120cf5b3a761e77953169c0600a708
  languageName: node
  linkType: hard

"denque@npm:^2.0.1":
  version: 2.0.1
  resolution: "denque@npm:2.0.1"
  checksum: ec398d1e3c6c8d4f5213dcf9ad74d7faa3b461e29a0019c9742b49a97ac5e16aa7134db45fa9d841e318e7722dd1ba670a474fde9a5b0d870b3a5fc6fe914c30
  languageName: node
  linkType: hard

"depd@npm:2.0.0":
  version: 2.0.0
  resolution: "depd@npm:2.0.0"
  checksum: abbe19c768c97ee2eed6282d8ce3031126662252c58d711f646921c9623f9052e3e1906443066beec1095832f534e57c523b7333f8e7e0d93051ab6baef5ab3a
  languageName: node
  linkType: hard

"destroy@npm:1.2.0":
  version: 1.2.0
  resolution: "destroy@npm:1.2.0"
  checksum: 0acb300b7478a08b92d810ab229d5afe0d2f4399272045ab22affa0d99dbaf12637659411530a6fcd597a9bdac718fc94373a61a95b4651bbc7b83684a565e38
  languageName: node
  linkType: hard

"discord-api-types@npm:0.37.83":
  version: 0.37.83
  resolution: "discord-api-types@npm:0.37.83"
  checksum: ab2a31188352d9c742f09a114a95322e7f7de90199cb9f5571f7f5ac25765e7abc9b83c15c14d513ffc5e1d63d9e3ea5ff088fa8a1c5d9c1e1f395b27027cef0
  languageName: node
  linkType: hard

"discord.js@npm:^14.15.2":
  version: 14.15.2
  resolution: "discord.js@npm:14.15.2"
  dependencies:
    "@discordjs/builders": ^1.8.1
    "@discordjs/collection": 1.5.3
    "@discordjs/formatters": ^0.4.0
    "@discordjs/rest": ^2.3.0
    "@discordjs/util": ^1.1.0
    "@discordjs/ws": ^1.1.0
    "@sapphire/snowflake": 3.5.3
    discord-api-types: 0.37.83
    fast-deep-equal: 3.1.3
    lodash.snakecase: 4.1.1
    tslib: 2.6.2
    undici: 6.13.0
  checksum: a6ff7f014996fbea36f7fc7a8ce03f31ded8f3f434ba6c96173721d1d0e18963fcf59c4f00298fd2f01f523bf578582843f80bd99328bade5c4e2b31f82ae368
  languageName: node
  linkType: hard

"dotenv@npm:^16.0.0":
  version: 16.0.0
  resolution: "dotenv@npm:16.0.0"
  checksum: 664cebb51f0a9a1d1b930f51f0271e72e26d62feaecc9dc03df39453dd494b4e724809ca480fb3ec3213382b1ed3f791aaeb83569a137f9329ce58efd4853dbf
  languageName: node
  linkType: hard

"ee-first@npm:1.1.1":
  version: 1.1.1
  resolution: "ee-first@npm:1.1.1"
  checksum: 1b4cac778d64ce3b582a7e26b218afe07e207a0f9bfe13cc7395a6d307849cfe361e65033c3251e00c27dd060cab43014c2d6b2647676135e18b77d2d05b3f4f
  languageName: node
  linkType: hard

"enabled@npm:2.0.x":
  version: 2.0.0
  resolution: "enabled@npm:2.0.0"
  checksum: 9d256d89f4e8a46ff988c6a79b22fa814b4ffd82826c4fdacd9b42e9b9465709d3b748866d0ab4d442dfc6002d81de7f7b384146ccd1681f6a7f868d2acca063
  languageName: node
  linkType: hard

"encodeurl@npm:~1.0.2":
  version: 1.0.2
  resolution: "encodeurl@npm:1.0.2"
  checksum: e50e3d508cdd9c4565ba72d2012e65038e5d71bdc9198cb125beb6237b5b1ade6c0d343998da9e170fb2eae52c1bed37d4d6d98a46ea423a0cddbed5ac3f780c
  languageName: node
  linkType: hard

"escape-html@npm:~1.0.3":
  version: 1.0.3
  resolution: "escape-html@npm:1.0.3"
  checksum: 6213ca9ae00d0ab8bccb6d8d4e0a98e76237b2410302cf7df70aaa6591d509a2a37ce8998008cbecae8fc8ffaadf3fb0229535e6a145f3ce0b211d060decbb24
  languageName: node
  linkType: hard

"etag@npm:~1.8.1":
  version: 1.8.1
  resolution: "etag@npm:1.8.1"
  checksum: 571aeb3dbe0f2bbd4e4fadbdb44f325fc75335cd5f6f6b6a091e6a06a9f25ed5392f0863c5442acb0646787446e816f13cbfc6edce5b07658541dff573cab1ff
  languageName: node
  linkType: hard

"express@npm:^4.17.3":
  version: 4.18.1
  resolution: "express@npm:4.18.1"
  dependencies:
    accepts: ~1.3.8
    array-flatten: 1.1.1
    body-parser: 1.20.0
    content-disposition: 0.5.4
    content-type: ~1.0.4
    cookie: 0.5.0
    cookie-signature: 1.0.6
    debug: 2.6.9
    depd: 2.0.0
    encodeurl: ~1.0.2
    escape-html: ~1.0.3
    etag: ~1.8.1
    finalhandler: 1.2.0
    fresh: 0.5.2
    http-errors: 2.0.0
    merge-descriptors: 1.0.1
    methods: ~1.1.2
    on-finished: 2.4.1
    parseurl: ~1.3.3
    path-to-regexp: 0.1.7
    proxy-addr: ~2.0.7
    qs: 6.10.3
    range-parser: ~1.2.1
    safe-buffer: 5.2.1
    send: 0.18.0
    serve-static: 1.15.0
    setprototypeof: 1.2.0
    statuses: 2.0.1
    type-is: ~1.6.18
    utils-merge: 1.0.1
    vary: ~1.1.2
  checksum: c3d44c92e48226ef32ec978becfedb0ecf0ca21316bfd33674b3c5d20459840584f2325726a4f17f33d9c99f769636f728982d1c5433a5b6fe6eb95b8cf0c854
  languageName: node
  linkType: hard

"fast-deep-equal@npm:3.1.3, fast-deep-equal@npm:^3.1.3":
  version: 3.1.3
  resolution: "fast-deep-equal@npm:3.1.3"
  checksum: e21a9d8d84f53493b6aa15efc9cfd53dd5b714a1f23f67fb5dc8f574af80df889b3bce25dc081887c6d25457cce704e636395333abad896ccdec03abaf1f3f9d
  languageName: node
  linkType: hard

"fecha@npm:^4.2.0":
  version: 4.2.3
  resolution: "fecha@npm:4.2.3"
  checksum: f94e2fb3acf5a7754165d04549460d3ae6c34830394d20c552197e3e000035d69732d74af04b9bed3283bf29fe2a9ebdcc0085e640b0be3cc3658b9726265e31
  languageName: node
  linkType: hard

"finalhandler@npm:1.2.0":
  version: 1.2.0
  resolution: "finalhandler@npm:1.2.0"
  dependencies:
    debug: 2.6.9
    encodeurl: ~1.0.2
    escape-html: ~1.0.3
    on-finished: 2.4.1
    parseurl: ~1.3.3
    statuses: 2.0.1
    unpipe: ~1.0.0
  checksum: 92effbfd32e22a7dff2994acedbd9bcc3aa646a3e919ea6a53238090e87097f8ef07cced90aa2cc421abdf993aefbdd5b00104d55c7c5479a8d00ed105b45716
  languageName: node
  linkType: hard

"fn.name@npm:1.x.x":
  version: 1.1.0
  resolution: "fn.name@npm:1.1.0"
  checksum: e357144f48cfc9a7f52a82bbc6c23df7c8de639fce049cac41d41d62cabb740cdb9f14eddc6485e29c933104455bdd7a69bb14a9012cef9cd4fa252a4d0cf293
  languageName: node
  linkType: hard

"follow-redirects@npm:^1.14.8":
  version: 1.14.9
  resolution: "follow-redirects@npm:1.14.9"
  peerDependenciesMeta:
    debug:
      optional: true
  checksum: f5982e0eb481818642492d3ca35a86989c98af1128b8e1a62911a3410621bc15d2b079e8170b35b19d3bdee770b73ed431a257ed86195af773771145baa57845
  languageName: node
  linkType: hard

"forwarded@npm:0.2.0":
  version: 0.2.0
  resolution: "forwarded@npm:0.2.0"
  checksum: fd27e2394d8887ebd16a66ffc889dc983fbbd797d5d3f01087c020283c0f019a7d05ee85669383d8e0d216b116d720fc0cef2f6e9b7eb9f4c90c6e0bc7fd28e6
  languageName: node
  linkType: hard

"fresh@npm:0.5.2":
  version: 0.5.2
  resolution: "fresh@npm:0.5.2"
  checksum: 13ea8b08f91e669a64e3ba3a20eb79d7ca5379a81f1ff7f4310d54e2320645503cc0c78daedc93dfb6191287295f6479544a649c64d8e41a1c0fb0c221552346
  languageName: node
  linkType: hard

"function-bind@npm:^1.1.1":
  version: 1.1.1
  resolution: "function-bind@npm:1.1.1"
  checksum: b32fbaebb3f8ec4969f033073b43f5c8befbb58f1a79e12f1d7490358150359ebd92f49e72ff0144f65f2c48ea2a605bff2d07965f548f6474fd8efd95bf361a
  languageName: node
  linkType: hard

"get-intrinsic@npm:^1.0.2":
  version: 1.1.1
  resolution: "get-intrinsic@npm:1.1.1"
  dependencies:
    function-bind: ^1.1.1
    has: ^1.0.3
    has-symbols: ^1.0.1
  checksum: a9fe2ca8fa3f07f9b0d30fb202bcd01f3d9b9b6b732452e79c48e79f7d6d8d003af3f9e38514250e3553fdc83c61650851cb6870832ac89deaaceb08e3721a17
  languageName: node
  linkType: hard

"has-symbols@npm:^1.0.1":
  version: 1.0.3
  resolution: "has-symbols@npm:1.0.3"
  checksum: a054c40c631c0d5741a8285010a0777ea0c068f99ed43e5d6eb12972da223f8af553a455132fdb0801bdcfa0e0f443c0c03a68d8555aa529b3144b446c3f2410
  languageName: node
  linkType: hard

"has@npm:^1.0.3":
  version: 1.0.3
  resolution: "has@npm:1.0.3"
  dependencies:
    function-bind: ^1.1.1
  checksum: b9ad53d53be4af90ce5d1c38331e712522417d017d5ef1ebd0507e07c2fbad8686fffb8e12ddecd4c39ca9b9b47431afbb975b8abf7f3c3b82c98e9aad052792
  languageName: node
  linkType: hard

"http-errors@npm:2.0.0":
  version: 2.0.0
  resolution: "http-errors@npm:2.0.0"
  dependencies:
    depd: 2.0.0
    inherits: 2.0.4
    setprototypeof: 1.2.0
    statuses: 2.0.1
    toidentifier: 1.0.1
  checksum: 9b0a3782665c52ce9dc658a0d1560bcb0214ba5699e4ea15aefb2a496e2ca83db03ebc42e1cce4ac1f413e4e0d2d736a3fd755772c556a9a06853ba2a0b7d920
  languageName: node
  linkType: hard

"iconv-lite@npm:0.4.24":
  version: 0.4.24
  resolution: "iconv-lite@npm:0.4.24"
  dependencies:
    safer-buffer: ">= 2.1.2 < 3"
  checksum: bd9f120f5a5b306f0bc0b9ae1edeb1577161503f5f8252a20f1a9e56ef8775c9959fd01c55f2d3a39d9a8abaf3e30c1abeb1895f367dcbbe0a8fd1c9ca01c4f6
  languageName: node
  linkType: hard

"ieee754@npm:^1.1.13":
  version: 1.2.1
  resolution: "ieee754@npm:1.2.1"
  checksum: 5144c0c9815e54ada181d80a0b810221a253562422e7c6c3a60b1901154184f49326ec239d618c416c1c5945a2e197107aee8d986a3dd836b53dffefd99b5e7e
  languageName: node
  linkType: hard

"inherits@npm:2.0.4, inherits@npm:^2.0.3":
  version: 2.0.4
  resolution: "inherits@npm:2.0.4"
  checksum: 4a48a733847879d6cf6691860a6b1e3f0f4754176e4d71494c41f3475553768b10f84b5ce1d40fbd0e34e6bfbb864ee35858ad4dd2cf31e02fc4a154b724d7f1
  languageName: node
  linkType: hard

"ip@npm:^1.1.5":
  version: 1.1.5
  resolution: "ip@npm:1.1.5"
  checksum: 30133981f082a060a32644f6a7746e9ba7ac9e2bc07ecc8bbdda3ee8ca9bec1190724c390e45a1ee7695e7edfd2a8f7dda2c104ec5f7ac5068c00648504c7e5a
  languageName: node
  linkType: hard

"ipaddr.js@npm:1.9.1":
  version: 1.9.1
  resolution: "ipaddr.js@npm:1.9.1"
  checksum: f88d3825981486f5a1942414c8d77dd6674dd71c065adcfa46f578d677edcb99fda25af42675cb59db492fdf427b34a5abfcde3982da11a8fd83a500b41cfe77
  languageName: node
  linkType: hard

"is-arrayish@npm:^0.3.1":
  version: 0.3.2
  resolution: "is-arrayish@npm:0.3.2"
  checksum: 977e64f54d91c8f169b59afcd80ff19227e9f5c791fa28fa2e5bce355cbaf6c2c356711b734656e80c9dd4a854dd7efcf7894402f1031dfc5de5d620775b4d5f
  languageName: node
  linkType: hard

"is-stream@npm:^2.0.0":
  version: 2.0.1
  resolution: "is-stream@npm:2.0.1"
  checksum: b8e05ccdf96ac330ea83c12450304d4a591f9958c11fd17bed240af8d5ffe08aedafa4c0f4cfccd4d28dc9d4d129daca1023633d5c11601a6cbc77521f6fae66
  languageName: node
  linkType: hard

"kareem@npm:2.3.5":
  version: 2.3.5
  resolution: "kareem@npm:2.3.5"
  checksum: eb1b996937e0a7a031230ed56ba2142f35179af5973ff86074921a082375fc3d5df7820b4c7a70b51e7e19c063bf3d735defd5b99a50982095674d68442f4ecb
  languageName: node
  linkType: hard

"kuler@npm:^2.0.0":
  version: 2.0.0
  resolution: "kuler@npm:2.0.0"
  checksum: 9e10b5a1659f9ed8761d38df3c35effabffbd19fc6107324095238e4ef0ff044392cae9ac64a1c2dda26e532426485342226b93806bd97504b174b0dcf04ed81
  languageName: node
  linkType: hard

"libsodium-wrappers@npm:^0.7.13":
  version: 0.7.13
  resolution: "libsodium-wrappers@npm:0.7.13"
  dependencies:
    libsodium: ^0.7.13
  checksum: d184395f7c33023414b191ef9ea2171eb1a5cb061503e886ea877590cb7adc3a4feaf794b9b08731a20515518fa23dbf1c1bfcd376e5ab01728e95cf1cb7525a
  languageName: node
  linkType: hard

"libsodium@npm:^0.7.13":
  version: 0.7.13
  resolution: "libsodium@npm:0.7.13"
  checksum: 75a5f70e84c197d54d9b67dcbd852abbd41cca8facd510767c7c8400a52a23da293e83eebf1693831b2c0c0498f266bd9350a8c27ec66f46a055890dff758d38
  languageName: node
  linkType: hard

"lodash.snakecase@npm:4.1.1":
  version: 4.1.1
  resolution: "lodash.snakecase@npm:4.1.1"
  checksum: 1685ed3e83dda6eae5a4dcaee161a51cd210aabb3e1c09c57150e7dd8feda19e4ca0d27d0631eabe8d0f4eaa51e376da64e8c018ae5415417c5890d42feb72a8
  languageName: node
  linkType: hard

"lodash@npm:^4.17.21":
  version: 4.17.21
  resolution: "lodash@npm:4.17.21"
  checksum: eb835a2e51d381e561e508ce932ea50a8e5a68f4ebdd771ea240d3048244a8d13658acbd502cd4829768c56f2e16bdd4340b9ea141297d472517b83868e677f7
  languageName: node
  linkType: hard

"logform@npm:^2.3.2, logform@npm:^2.4.0":
  version: 2.4.0
  resolution: "logform@npm:2.4.0"
  dependencies:
    "@colors/colors": 1.5.0
    fecha: ^4.2.0
    ms: ^2.1.1
    safe-stable-stringify: ^2.3.1
    triple-beam: ^1.3.0
  checksum: e75ccccc1a2664612ade3c7f3d3185787198b4028e54ea2795df87901f28b3881eddd8d7e73ce03f4420dca638a1cbe6d42254179685ab2075e4ac38a71ffb6c
  languageName: node
  linkType: hard

"magic-bytes.js@npm:^1.10.0":
  version: 1.10.0
  resolution: "magic-bytes.js@npm:1.10.0"
  checksum: c10e7fc3fe584e4b0767554fb6a12dfc4a9db0782d5005cbdd46bc9b36a8bb420f5266a4b02e089ea4db587937fde289ea467a7a379ad969fb906bf4a0ec3f38
  languageName: node
  linkType: hard

"media-typer@npm:0.3.0":
  version: 0.3.0
  resolution: "media-typer@npm:0.3.0"
  checksum: af1b38516c28ec95d6b0826f6c8f276c58aec391f76be42aa07646b4e39d317723e869700933ca6995b056db4b09a78c92d5440dc23657e6764be5d28874bba1
  languageName: node
  linkType: hard

"memory-pager@npm:^1.0.2":
  version: 1.5.0
  resolution: "memory-pager@npm:1.5.0"
  checksum: d1a2e684583ef55c61cd3a49101da645b11ad57014dfc565e0b43baa9004b743f7e4ab81493d8fff2ab24e9950987cc3209c94bcc4fc8d7e30a475489a1f15e9
  languageName: node
  linkType: hard

"merge-descriptors@npm:1.0.1":
  version: 1.0.1
  resolution: "merge-descriptors@npm:1.0.1"
  checksum: 5abc259d2ae25bb06d19ce2b94a21632583c74e2a9109ee1ba7fd147aa7362b380d971e0251069f8b3eb7d48c21ac839e21fa177b335e82c76ec172e30c31a26
  languageName: node
  linkType: hard

"methods@npm:~1.1.2":
  version: 1.1.2
  resolution: "methods@npm:1.1.2"
  checksum: 0917ff4041fa8e2f2fda5425a955fe16ca411591fbd123c0d722fcf02b73971ed6f764d85f0a6f547ce49ee0221ce2c19a5fa692157931cecb422984f1dcd13a
  languageName: node
  linkType: hard

"mime-db@npm:1.52.0":
  version: 1.52.0
  resolution: "mime-db@npm:1.52.0"
  checksum: 0d99a03585f8b39d68182803b12ac601d9c01abfa28ec56204fa330bc9f3d1c5e14beb049bafadb3dbdf646dfb94b87e24d4ec7b31b7279ef906a8ea9b6a513f
  languageName: node
  linkType: hard

"mime-types@npm:~2.1.24, mime-types@npm:~2.1.34":
  version: 2.1.35
  resolution: "mime-types@npm:2.1.35"
  dependencies:
    mime-db: 1.52.0
  checksum: 89a5b7f1def9f3af5dad6496c5ed50191ae4331cc5389d7c521c8ad28d5fdad2d06fd81baf38fed813dc4e46bb55c8145bb0ff406330818c9cf712fb2e9b3836
  languageName: node
  linkType: hard

"mime@npm:1.6.0":
  version: 1.6.0
  resolution: "mime@npm:1.6.0"
  bin:
    mime: cli.js
  checksum: fef25e39263e6d207580bdc629f8872a3f9772c923c7f8c7e793175cee22777bbe8bba95e5d509a40aaa292d8974514ce634ae35769faa45f22d17edda5e8557
  languageName: node
  linkType: hard

"mongodb-connection-string-url@npm:^2.5.2":
  version: 2.5.2
  resolution: "mongodb-connection-string-url@npm:2.5.2"
  dependencies:
    "@types/whatwg-url": ^8.2.1
    whatwg-url: ^11.0.0
  checksum: bd13af7d62d33e2d6e5217692961e34b2dafbbba5f41d361417257592754df3e925efc00fa8a5e038624e284245dab39e913d5f06ff962feede86d5f58fc5827
  languageName: node
  linkType: hard

"mongodb@npm:4.5.0":
  version: 4.5.0
  resolution: "mongodb@npm:4.5.0"
  dependencies:
    bson: ^4.6.2
    denque: ^2.0.1
    mongodb-connection-string-url: ^2.5.2
    saslprep: ^1.0.3
    socks: ^2.6.2
  dependenciesMeta:
    saslprep:
      optional: true
  checksum: 423974a663c90e6673226a9ad691e8b445ecd43fc4e9e424343644b20c35188bd3d6692dcc2798022cc6b5c6f4391b54747c7543134b46f93cb3da428e5f9246
  languageName: node
  linkType: hard

"mongoose@npm:^6.3.1":
  version: 6.3.1
  resolution: "mongoose@npm:6.3.1"
  dependencies:
    bson: ^4.6.2
    kareem: 2.3.5
    mongodb: 4.5.0
    mpath: 0.8.4
    mquery: 4.0.2
    ms: 2.1.3
    sift: 16.0.0
  checksum: 5a9da91a79b0443c2c787c93cb1f06c1f8ee20a81330116a104730b1e1c5b2b378c89848b50d039c0dbe366a2d67650bcb48c0690aa28176d5c0c8b3f38048ec
  languageName: node
  linkType: hard

"mpath@npm:0.8.4":
  version: 0.8.4
  resolution: "mpath@npm:0.8.4"
  checksum: 06ad1d443766626fa361b67a4eca9cd4c36a71e475e92e8a5c242dbbc9a911adac00ce971177843b48475356df609f847342548da7701a976a2ab4116135caf0
  languageName: node
  linkType: hard

"mquery@npm:4.0.2":
  version: 4.0.2
  resolution: "mquery@npm:4.0.2"
  dependencies:
    debug: 4.x
  checksum: 39ac308294fe26fe214fd117a9a2e92f754ee00193d3d8602b23c13cf677688faf8417fc74fa18940d51358bf04105ce279364a396b35fd23d73d452f860a098
  languageName: node
  linkType: hard

"ms@npm:2.0.0":
  version: 2.0.0
  resolution: "ms@npm:2.0.0"
  checksum: 0e6a22b8b746d2e0b65a430519934fefd41b6db0682e3477c10f60c76e947c4c0ad06f63ffdf1d78d335f83edee8c0aa928aa66a36c7cd95b69b26f468d527f4
  languageName: node
  linkType: hard

"ms@npm:2.1.2":
  version: 2.1.2
  resolution: "ms@npm:2.1.2"
  checksum: 673cdb2c3133eb050c745908d8ce632ed2c02d85640e2edb3ace856a2266a813b30c613569bf3354fdf4ea7d1a1494add3bfa95e2713baa27d0c2c71fc44f58f
  languageName: node
  linkType: hard

"ms@npm:2.1.3, ms@npm:^2.1.1":
  version: 2.1.3
  resolution: "ms@npm:2.1.3"
  checksum: aa92de608021b242401676e35cfa5aa42dd70cbdc082b916da7fb925c542173e36bce97ea3e804923fe92c0ad991434e4a38327e15a1b5b5f945d66df615ae6d
  languageName: node
  linkType: hard

"negotiator@npm:0.6.3":
  version: 0.6.3
  resolution: "negotiator@npm:0.6.3"
  checksum: b8ffeb1e262eff7968fc90a2b6767b04cfd9842582a9d0ece0af7049537266e7b2506dfb1d107a32f06dd849ab2aea834d5830f7f4d0e5cb7d36e1ae55d021d9
  languageName: node
  linkType: hard

"object-assign@npm:^4":
  version: 4.1.1
  resolution: "object-assign@npm:4.1.1"
  checksum: fcc6e4ea8c7fe48abfbb552578b1c53e0d194086e2e6bbbf59e0a536381a292f39943c6e9628af05b5528aa5e3318bb30d6b2e53cadaf5b8fe9e12c4b69af23f
  languageName: node
  linkType: hard

"object-inspect@npm:^1.9.0":
  version: 1.12.0
  resolution: "object-inspect@npm:1.12.0"
  checksum: 2b36d4001a9c921c6b342e2965734519c9c58c355822243c3207fbf0aac271f8d44d30d2d570d450b2cc6f0f00b72bcdba515c37827d2560e5f22b1899a31cf4
  languageName: node
  linkType: hard

"on-finished@npm:2.4.1":
  version: 2.4.1
  resolution: "on-finished@npm:2.4.1"
  dependencies:
    ee-first: 1.1.1
  checksum: d20929a25e7f0bb62f937a425b5edeb4e4cde0540d77ba146ec9357f00b0d497cdb3b9b05b9c8e46222407d1548d08166bff69cc56dfa55ba0e4469228920ff0
  languageName: node
  linkType: hard

"one-time@npm:^1.0.0":
  version: 1.0.0
  resolution: "one-time@npm:1.0.0"
  dependencies:
    fn.name: 1.x.x
  checksum: fd008d7e992bdec1c67f53a2f9b46381ee12a9b8c309f88b21f0223546003fb47e8ad7c1fd5843751920a8d276c63bd4b45670ef80c61fb3e07dbccc962b5c7d
  languageName: node
  linkType: hard

"opusscript@npm:^0.1.1":
  version: 0.1.1
  resolution: "opusscript@npm:0.1.1"
  checksum: 0c3d6035e201db2aaa04ba90823d385142c526e708b5d2ae0e1f16c03334fedb14e89e71c9e85c0d3e9bbf431eeffeae5742665b3c31714dd2b13b84c4a7c841
  languageName: node
  linkType: hard

"parseurl@npm:~1.3.3":
  version: 1.3.3
  resolution: "parseurl@npm:1.3.3"
  checksum: 407cee8e0a3a4c5cd472559bca8b6a45b82c124e9a4703302326e9ab60fc1081442ada4e02628efef1eb16197ddc7f8822f5a91fd7d7c86b51f530aedb17dfa2
  languageName: node
  linkType: hard

"path-to-regexp@npm:0.1.7":
  version: 0.1.7
  resolution: "path-to-regexp@npm:0.1.7"
  checksum: 69a14ea24db543e8b0f4353305c5eac6907917031340e5a8b37df688e52accd09e3cebfe1660b70d76b6bd89152f52183f28c74813dbf454ba1a01c82a38abce
  languageName: node
  linkType: hard

"play-audio@npm:^0.5.2":
  version: 0.5.2
  resolution: "play-audio@npm:0.5.2"
  checksum: 5445175ba5d1574ea7d0a8bafcd104f8fb2a4f3123624354e257afef7c43d0ca449ea0384f36c4ac404dd5bc321d3514c012f43914f4408ef6b9e12e5e6cdad5
  languageName: node
  linkType: hard

"play-dl@npm:^1.9.7":
  version: 1.9.7
  resolution: "play-dl@npm:1.9.7"
  dependencies:
    play-audio: ^0.5.2
  checksum: d626de7fa9231223c1f0480f01eabeb4f50e85d4412501da31049aaf5ebb532032f525b6111f088221cfd29ba8cf5c5c6e85527275c06d7841263c2a306838ee
  languageName: node
  linkType: hard

"prism-media@npm:^1.3.5":
  version: 1.3.5
  resolution: "prism-media@npm:1.3.5"
  peerDependencies:
    "@discordjs/opus": ">=0.8.0 <1.0.0"
    ffmpeg-static: ^5.0.2 || ^4.2.7 || ^3.0.0 || ^2.4.0
    node-opus: ^0.3.3
    opusscript: ^0.0.8
  peerDependenciesMeta:
    "@discordjs/opus":
      optional: true
    ffmpeg-static:
      optional: true
    node-opus:
      optional: true
    opusscript:
      optional: true
  checksum: a4fbe5c91f2aa5aca6e0d7fb72c37627db814f59b2ffd702aced11d4cc6f6f15022a5830df48fc008e805f2d1fe79305e5d1b091307981a0083edf7223418679
  languageName: node
  linkType: hard

"proxy-addr@npm:~2.0.7":
  version: 2.0.7
  resolution: "proxy-addr@npm:2.0.7"
  dependencies:
    forwarded: 0.2.0
    ipaddr.js: 1.9.1
  checksum: 29c6990ce9364648255454842f06f8c46fcd124d3e6d7c5066df44662de63cdc0bad032e9bf5a3d653ff72141cc7b6019873d685708ac8210c30458ad99f2b74
  languageName: node
  linkType: hard

"punycode@npm:^2.1.1":
  version: 2.1.1
  resolution: "punycode@npm:2.1.1"
  checksum: 823bf443c6dd14f669984dea25757b37993f67e8d94698996064035edd43bed8a5a17a9f12e439c2b35df1078c6bec05a6c86e336209eb1061e8025c481168e8
  languageName: node
  linkType: hard

"qs@npm:6.10.3, qs@npm:^6.10.3":
  version: 6.10.3
  resolution: "qs@npm:6.10.3"
  dependencies:
    side-channel: ^1.0.4
  checksum: 0fac5e6c7191d0295a96d0e83c851aeb015df7e990e4d3b093897d3ac6c94e555dbd0a599739c84d7fa46d7fee282d94ba76943983935cf33bba6769539b8019
  languageName: node
  linkType: hard

"range-parser@npm:~1.2.1":
  version: 1.2.1
  resolution: "range-parser@npm:1.2.1"
  checksum: 0a268d4fea508661cf5743dfe3d5f47ce214fd6b7dec1de0da4d669dd4ef3d2144468ebe4179049eff253d9d27e719c88dae55be64f954e80135a0cada804ec9
  languageName: node
  linkType: hard

"raw-body@npm:2.5.1":
  version: 2.5.1
  resolution: "raw-body@npm:2.5.1"
  dependencies:
    bytes: 3.1.2
    http-errors: 2.0.0
    iconv-lite: 0.4.24
    unpipe: 1.0.0
  checksum: 5362adff1575d691bb3f75998803a0ffed8c64eabeaa06e54b4ada25a0cd1b2ae7f4f5ec46565d1bec337e08b5ac90c76eaa0758de6f72a633f025d754dec29e
  languageName: node
  linkType: hard

"readable-stream@npm:^3.4.0, readable-stream@npm:^3.6.0":
  version: 3.6.0
  resolution: "readable-stream@npm:3.6.0"
  dependencies:
    inherits: ^2.0.3
    string_decoder: ^1.1.1
    util-deprecate: ^1.0.1
  checksum: d4ea81502d3799439bb955a3a5d1d808592cf3133350ed352aeaa499647858b27b1c4013984900238b0873ec8d0d8defce72469fb7a83e61d53f5ad61cb80dc8
  languageName: node
  linkType: hard

"root-workspace-0b6124@workspace:.":
  version: 0.0.0-use.local
  resolution: "root-workspace-0b6124@workspace:."
  dependencies:
    "@discordjs/voice": ^0.17.0
    axios: ^0.26.1
    cors: ^2.8.5
    crypto: ^1.0.1
    debounce: ^1.2.1
    discord.js: ^14.15.2
    dotenv: ^16.0.0
    express: ^4.17.3
    libsodium-wrappers: ^0.7.13
    mongoose: ^6.3.1
    opusscript: ^0.1.1
    play-dl: ^1.9.7
    qs: ^6.10.3
    winston: ^3.7.2
    ws: ^8.8.1
  languageName: unknown
  linkType: soft

"safe-buffer@npm:5.2.1, safe-buffer@npm:~5.2.0":
  version: 5.2.1
  resolution: "safe-buffer@npm:5.2.1"
  checksum: b99c4b41fdd67a6aaf280fcd05e9ffb0813654894223afb78a31f14a19ad220bba8aba1cb14eddce1fcfb037155fe6de4e861784eb434f7d11ed58d1e70dd491
  languageName: node
  linkType: hard

"safe-stable-stringify@npm:^2.3.1":
  version: 2.3.1
  resolution: "safe-stable-stringify@npm:2.3.1"
  checksum: a0a0bad0294c3e2a9d1bf3cf2b1096dfb83c162d09a5e4891e488cce082120bd69161d2a92aae7fc48255290f17700decae9c89a07fe139794e61b5c8b411377
  languageName: node
  linkType: hard

"safer-buffer@npm:>= 2.1.2 < 3":
  version: 2.1.2
  resolution: "safer-buffer@npm:2.1.2"
  checksum: cab8f25ae6f1434abee8d80023d7e72b598cf1327164ddab31003c51215526801e40b66c5e65d658a0af1e9d6478cadcb4c745f4bd6751f97d8644786c0978b0
  languageName: node
  linkType: hard

"saslprep@npm:^1.0.3":
  version: 1.0.3
  resolution: "saslprep@npm:1.0.3"
  dependencies:
    sparse-bitfield: ^3.0.3
  checksum: 4fdc0b70fb5e523f977de405e12cca111f1f10dd68a0cfae0ca52c1a7919a94d1556598ba2d35f447655c3b32879846c77f9274c90806f6673248ae3cea6ee43
  languageName: node
  linkType: hard

"send@npm:0.18.0":
  version: 0.18.0
  resolution: "send@npm:0.18.0"
  dependencies:
    debug: 2.6.9
    depd: 2.0.0
    destroy: 1.2.0
    encodeurl: ~1.0.2
    escape-html: ~1.0.3
    etag: ~1.8.1
    fresh: 0.5.2
    http-errors: 2.0.0
    mime: 1.6.0
    ms: 2.1.3
    on-finished: 2.4.1
    range-parser: ~1.2.1
    statuses: 2.0.1
  checksum: 74fc07ebb58566b87b078ec63e5a3e41ecd987e4272ba67b7467e86c6ad51bc6b0b0154133b6d8b08a2ddda360464f71382f7ef864700f34844a76c8027817a8
  languageName: node
  linkType: hard

"serve-static@npm:1.15.0":
  version: 1.15.0
  resolution: "serve-static@npm:1.15.0"
  dependencies:
    encodeurl: ~1.0.2
    escape-html: ~1.0.3
    parseurl: ~1.3.3
    send: 0.18.0
  checksum: af57fc13be40d90a12562e98c0b7855cf6e8bd4c107fe9a45c212bf023058d54a1871b1c89511c3958f70626fff47faeb795f5d83f8cf88514dbaeb2b724464d
  languageName: node
  linkType: hard

"setprototypeof@npm:1.2.0":
  version: 1.2.0
  resolution: "setprototypeof@npm:1.2.0"
  checksum: be18cbbf70e7d8097c97f713a2e76edf84e87299b40d085c6bf8b65314e994cc15e2e317727342fa6996e38e1f52c59720b53fe621e2eb593a6847bf0356db89
  languageName: node
  linkType: hard

"side-channel@npm:^1.0.4":
  version: 1.0.4
  resolution: "side-channel@npm:1.0.4"
  dependencies:
    call-bind: ^1.0.0
    get-intrinsic: ^1.0.2
    object-inspect: ^1.9.0
  checksum: 351e41b947079c10bd0858364f32bb3a7379514c399edb64ab3dce683933483fc63fb5e4efe0a15a2e8a7e3c436b6a91736ddb8d8c6591b0460a24bb4a1ee245
  languageName: node
  linkType: hard

"sift@npm:16.0.0":
  version: 16.0.0
  resolution: "sift@npm:16.0.0"
  checksum: 88d5754afe16fbaf4274223e492f4aa382c44070bc63b84b9dcfe0f16f65ff64361c4e642b2ae65dfe33a85170a6ecc378ca44487302a88835f58fe152e62894
  languageName: node
  linkType: hard

"simple-swizzle@npm:^0.2.2":
  version: 0.2.2
  resolution: "simple-swizzle@npm:0.2.2"
  dependencies:
    is-arrayish: ^0.3.1
  checksum: a7f3f2ab5c76c4472d5c578df892e857323e452d9f392e1b5cf74b74db66e6294a1e1b8b390b519fa1b96b5b613f2a37db6cffef52c3f1f8f3c5ea64eb2d54c0
  languageName: node
  linkType: hard

"smart-buffer@npm:^4.2.0":
  version: 4.2.0
  resolution: "smart-buffer@npm:4.2.0"
  checksum: b5167a7142c1da704c0e3af85c402002b597081dd9575031a90b4f229ca5678e9a36e8a374f1814c8156a725d17008ae3bde63b92f9cfd132526379e580bec8b
  languageName: node
  linkType: hard

"socks@npm:^2.6.2":
  version: 2.6.2
  resolution: "socks@npm:2.6.2"
  dependencies:
    ip: ^1.1.5
    smart-buffer: ^4.2.0
  checksum: dd9194293059d737759d5c69273850ad4149f448426249325c4bea0e340d1cf3d266c3b022694b0dcf5d31f759de23657244c481fc1e8322add80b7985c36b5e
  languageName: node
  linkType: hard

"sparse-bitfield@npm:^3.0.3":
  version: 3.0.3
  resolution: "sparse-bitfield@npm:3.0.3"
  dependencies:
    memory-pager: ^1.0.2
  checksum: 174da88dbbcc783d5dbd26921931cc83830280b8055fb05333786ebe6fc015b9601b24972b3d55920dd2d9f5fb120576fbfa2469b08e5222c9cadf3f05210aab
  languageName: node
  linkType: hard

"stack-trace@npm:0.0.x":
  version: 0.0.10
  resolution: "stack-trace@npm:0.0.10"
  checksum: 473036ad32f8c00e889613153d6454f9be0536d430eb2358ca51cad6b95cea08a3cc33cc0e34de66b0dad221582b08ed2e61ef8e13f4087ab690f388362d6610
  languageName: node
  linkType: hard

"statuses@npm:2.0.1":
  version: 2.0.1
  resolution: "statuses@npm:2.0.1"
  checksum: 18c7623fdb8f646fb213ca4051be4df7efb3484d4ab662937ca6fbef7ced9b9e12842709872eb3020cc3504b93bde88935c9f6417489627a7786f24f8031cbcb
  languageName: node
  linkType: hard

"string_decoder@npm:^1.1.1":
  version: 1.3.0
  resolution: "string_decoder@npm:1.3.0"
  dependencies:
    safe-buffer: ~5.2.0
  checksum: 8417646695a66e73aefc4420eb3b84cc9ffd89572861fe004e6aeb13c7bc00e2f616247505d2dbbef24247c372f70268f594af7126f43548565c68c117bdeb56
  languageName: node
  linkType: hard

"text-hex@npm:1.0.x":
  version: 1.0.0
  resolution: "text-hex@npm:1.0.0"
  checksum: 1138f68adc97bf4381a302a24e2352f04992b7b1316c5003767e9b0d3367ffd0dc73d65001ea02b07cd0ecc2a9d186de0cf02f3c2d880b8a522d4ccb9342244a
  languageName: node
  linkType: hard

"toidentifier@npm:1.0.1":
  version: 1.0.1
  resolution: "toidentifier@npm:1.0.1"
  checksum: 952c29e2a85d7123239b5cfdd889a0dde47ab0497f0913d70588f19c53f7e0b5327c95f4651e413c74b785147f9637b17410ac8c846d5d4a20a5a33eb6dc3a45
  languageName: node
  linkType: hard

"tr46@npm:^3.0.0":
  version: 3.0.0
  resolution: "tr46@npm:3.0.0"
  dependencies:
    punycode: ^2.1.1
  checksum: 44c3cc6767fb800490e6e9fd64fd49041aa4e49e1f6a012b34a75de739cc9ed3a6405296072c1df8b6389ae139c5e7c6496f659cfe13a04a4bff3a1422981270
  languageName: node
  linkType: hard

"triple-beam@npm:^1.3.0":
  version: 1.3.0
  resolution: "triple-beam@npm:1.3.0"
  checksum: 7d7b77d8625fb252c126c24984a68de462b538a8fcd1de2abd0a26421629cf3527d48e23b3c2264f08f4a6c3bc40a478a722176f4d7b6a1acc154cb70c359f2b
  languageName: node
  linkType: hard

"ts-mixer@npm:^6.0.4":
  version: 6.0.4
  resolution: "ts-mixer@npm:6.0.4"
  checksum: 36b1af526befd74345e736e9aa16f5c28876ebcea07784da14d929149fd7e6028cfd2fe9304c8efe8cb91b588443a9cc9e991df58e4c6e602326edbaae2af3ab
  languageName: node
  linkType: hard

"tslib@npm:2.6.2, tslib@npm:^2.6.2":
  version: 2.6.2
  resolution: "tslib@npm:2.6.2"
  checksum: 329ea56123005922f39642318e3d1f0f8265d1e7fcb92c633e0809521da75eeaca28d2cf96d7248229deb40e5c19adf408259f4b9640afd20d13aecc1430f3ad
  languageName: node
  linkType: hard

"type-is@npm:~1.6.18":
  version: 1.6.18
  resolution: "type-is@npm:1.6.18"
  dependencies:
    media-typer: 0.3.0
    mime-types: ~2.1.24
  checksum: 2c8e47675d55f8b4e404bcf529abdf5036c537a04c2b20177bcf78c9e3c1da69da3942b1346e6edb09e823228c0ee656ef0e033765ec39a70d496ef601a0c657
  languageName: node
  linkType: hard

"undici@npm:6.13.0":
  version: 6.13.0
  resolution: "undici@npm:6.13.0"
  checksum: 47495e93aceeab18664678b6fb0ea2395b7c13a33d2ed4f7f36eb9be9ec5cd6f8e3a4ddaec18127da5e2012e5d7666ca824c7dc70af606dcfe6fdb8441ee3a7a
  languageName: node
  linkType: hard

"unpipe@npm:1.0.0, unpipe@npm:~1.0.0":
  version: 1.0.0
  resolution: "unpipe@npm:1.0.0"
  checksum: 4fa18d8d8d977c55cb09715385c203197105e10a6d220087ec819f50cb68870f02942244f1017565484237f1f8c5d3cd413631b1ae104d3096f24fdfde1b4aa2
  languageName: node
  linkType: hard

"util-deprecate@npm:^1.0.1":
  version: 1.0.2
  resolution: "util-deprecate@npm:1.0.2"
  checksum: 474acf1146cb2701fe3b074892217553dfcf9a031280919ba1b8d651a068c9b15d863b7303cb15bd00a862b498e6cf4ad7b4a08fb134edd5a6f7641681cb54a2
  languageName: node
  linkType: hard

"utils-merge@npm:1.0.1":
  version: 1.0.1
  resolution: "utils-merge@npm:1.0.1"
  checksum: c81095493225ecfc28add49c106ca4f09cdf56bc66731aa8dabc2edbbccb1e1bfe2de6a115e5c6a380d3ea166d1636410b62ef216bb07b3feb1cfde1d95d5080
  languageName: node
  linkType: hard

"vary@npm:^1, vary@npm:~1.1.2":
  version: 1.1.2
  resolution: "vary@npm:1.1.2"
  checksum: ae0123222c6df65b437669d63dfa8c36cee20a504101b2fcd97b8bf76f91259c17f9f2b4d70a1e3c6bbcee7f51b28392833adb6b2770b23b01abec84e369660b
  languageName: node
  linkType: hard

"webidl-conversions@npm:^7.0.0":
  version: 7.0.0
  resolution: "webidl-conversions@npm:7.0.0"
  checksum: f05588567a2a76428515333eff87200fae6c83c3948a7482ebb109562971e77ef6dc49749afa58abb993391227c5697b3ecca52018793e0cb4620a48f10bd21b
  languageName: node
  linkType: hard

"whatwg-url@npm:^11.0.0":
  version: 11.0.0
  resolution: "whatwg-url@npm:11.0.0"
  dependencies:
    tr46: ^3.0.0
    webidl-conversions: ^7.0.0
  checksum: ed4826aaa57e66bb3488a4b25c9cd476c46ba96052747388b5801f137dd740b73fde91ad207d96baf9f17fbcc80fc1a477ad65181b5eb5fa718d27c69501d7af
  languageName: node
  linkType: hard

"winston-transport@npm:^4.5.0":
  version: 4.5.0
  resolution: "winston-transport@npm:4.5.0"
  dependencies:
    logform: ^2.3.2
    readable-stream: ^3.6.0
    triple-beam: ^1.3.0
  checksum: a56e5678a80b88a73e77ed998fc6e19d0db19c989a356b137ec236782f2bf58ae4511b11c29163f99391fa4dc12102c7bc5738dcb6543f28877fa2819adc3ee9
  languageName: node
  linkType: hard

"winston@npm:^3.7.2":
  version: 3.7.2
  resolution: "winston@npm:3.7.2"
  dependencies:
    "@dabh/diagnostics": ^2.0.2
    async: ^3.2.3
    is-stream: ^2.0.0
    logform: ^2.4.0
    one-time: ^1.0.0
    readable-stream: ^3.4.0
    safe-stable-stringify: ^2.3.1
    stack-trace: 0.0.x
    triple-beam: ^1.3.0
    winston-transport: ^4.5.0
  checksum: f1f1a860d2fa228b50880b20aaa6cc121085907791fe0d814ff9c062640f6b65da321726322094e7667eb63088b3bb67e7b4e219d998f29efcc6f583185a1cd3
  languageName: node
  linkType: hard

"ws@npm:^8.16.0":
  version: 8.17.0
  resolution: "ws@npm:8.17.0"
  peerDependencies:
    bufferutil: ^4.0.1
    utf-8-validate: ">=5.0.2"
  peerDependenciesMeta:
    bufferutil:
      optional: true
    utf-8-validate:
      optional: true
  checksum: 147ef9eab0251364e1d2c55338ad0efb15e6913923ccbfdf20f7a8a6cb8f88432bcd7f4d8f66977135bfad35575644f9983201c1a361019594a4e53977bf6d4e
  languageName: node
  linkType: hard

"ws@npm:^8.8.1":
  version: 8.8.1
  resolution: "ws@npm:8.8.1"
  peerDependencies:
    bufferutil: ^4.0.1
    utf-8-validate: ^5.0.2
  peerDependenciesMeta:
    bufferutil:
      optional: true
    utf-8-validate:
      optional: true
  checksum: 2152cf862cae0693f3775bc688a6afb2e989d19d626d215e70f5fcd8eb55b1c3b0d3a6a4052905ec320e2d7734e20aeedbf9744496d62f15a26ad79cf4cf7dae
  languageName: node
  linkType: hard
